
Microsoft Visual Studio Solution File, Format Version 12.00
# Visual Studio 14
VisualStudioVersion = 14.0.23107.0
MinimumVisualStudioVersion = 10.0.40219.1
Project("{FAE04EC0-301F-11D3-BF4B-00C04F79EFBC}") = "JeedomDotNet", "JeedomDotNet\JeedomDotNet.csproj", "{A37C8AB7-63A3-4575-994B-F58D8B0A36C1}"
EndProject
Project("{FAE04EC0-301F-11D3-BF4B-00C04F79EFBC}") = "JeedomTester", "JeedomTester\JeedomTester.csproj", "{D3402F9B-9A66-44F8-9141-95C1E98BBFFB}"
	ProjectSection(ProjectDependencies) = postProject
		{A37C8AB7-63A3-4575-994B-F58D8B0A36C1} = {A37C8AB7-63A3-4575-994B-F58D8B0A36C1}
	EndProjectSection
EndProject
Global
	GlobalSection(SolutionConfigurationPlatforms) = preSolution
		Debug|Any CPU = Debug|Any CPU
		Release|Any CPU = Release|Any CPU
	EndGlobalSection
	GlobalSection(ProjectConfigurationPlatforms) = postSolution
		{A37C8AB7-63A3-4575-994B-F58D8B0A36C1}.Debug|Any CPU.ActiveCfg = Debug|Any CPU
		{A37C8AB7-63A3-4575-994B-F58D8B0A36C1}.Debug|Any CPU.Build.0 = Debug|Any CPU
		{A37C8AB7-63A3-4575-994B-F58D8B0A36C1}.Release|Any CPU.ActiveCfg = Release|Any CPU
		{A37C8AB7-63A3-4575-994B-F58D8B0A36C1}.Release|Any CPU.Build.0 = Release|Any CPU
		{D3402F9B-9A66-44F8-9141-95C1E98BBFFB}.Debug|Any CPU.ActiveCfg = Debug|Any CPU
		{D3402F9B-9A66-44F8-9141-95C1E98BBFFB}.Debug|Any CPU.Build.0 = Debug|Any CPU
		{D3402F9B-9A66-44F8-9141-95C1E98BBFFB}.Release|Any CPU.ActiveCfg = Release|Any CPU
		{D3402F9B-9A66-44F8-9141-95C1E98BBFFB}.Release|Any CPU.Build.0 = Release|Any CPU
	EndGlobalSection
	GlobalSection(SolutionProperties) = preSolution
		HideSolutionNode = FALSE
	EndGlobalSection
EndGlobal
